
Microsoft Visual Studio Solution File, Format Version 12.00
# Visual Studio Version 17
VisualStudioVersion = 17.6.33829.357
MinimumVisualStudioVersion = 10.0.40219.1
Project("{FAE04EC0-301F-11D3-BF4B-00C04F79EFBC}") = "HRManagementSystem", "HRManagementSystem.csproj", "{B94FC0E5-F82E-4E2E-85DF-4D9707E33A6B}"
EndProject
Project("{FAE04EC0-301F-11D3-BF4B-00C04F79EFBC}") = "ClassLibrary1", "..\ClassLibrary1\ClassLibrary1.csproj", "{B07C5FA4-B756-4C83-B22E-2DC40D8880F3}"
EndProject
Project("{FAE04EC0-301F-11D3-BF4B-00C04F79EFBC}") = "Delegate", "..\ClassLibrary2\Delegate.csproj", "{5880D1CA-FA80-4A56-9B6B-79DD42A457A7}"
EndProject
Global
	GlobalSection(SolutionConfigurationPlatforms) = preSolution
		Debug|Any CPU = Debug|Any CPU
		Release|Any CPU = Release|Any CPU
	EndGlobalSection
	GlobalSection(ProjectConfigurationPlatforms) = postSolution
		{B94FC0E5-F82E-4E2E-85DF-4D9707E33A6B}.Debug|Any CPU.ActiveCfg = Debug|Any CPU
		{B94FC0E5-F82E-4E2E-85DF-4D9707E33A6B}.Debug|Any CPU.Build.0 = Debug|Any CPU
		{B94FC0E5-F82E-4E2E-85DF-4D9707E33A6B}.Release|Any CPU.ActiveCfg = Release|Any CPU
		{B94FC0E5-F82E-4E2E-85DF-4D9707E33A6B}.Release|Any CPU.Build.0 = Release|Any CPU
		{B07C5FA4-B756-4C83-B22E-2DC40D8880F3}.Debug|Any CPU.ActiveCfg = Debug|Any CPU
		{B07C5FA4-B756-4C83-B22E-2DC40D8880F3}.Debug|Any CPU.Build.0 = Debug|Any CPU
		{B07C5FA4-B756-4C83-B22E-2DC40D8880F3}.Release|Any CPU.ActiveCfg = Release|Any CPU
		{B07C5FA4-B756-4C83-B22E-2DC40D8880F3}.Release|Any CPU.Build.0 = Release|Any CPU
		{5880D1CA-FA80-4A56-9B6B-79DD42A457A7}.Debug|Any CPU.ActiveCfg = Debug|Any CPU
		{5880D1CA-FA80-4A56-9B6B-79DD42A457A7}.Debug|Any CPU.Build.0 = Debug|Any CPU
		{5880D1CA-FA80-4A56-9B6B-79DD42A457A7}.Release|Any CPU.ActiveCfg = Release|Any CPU
		{5880D1CA-FA80-4A56-9B6B-79DD42A457A7}.Release|Any CPU.Build.0 = Release|Any CPU
	EndGlobalSection
	GlobalSection(SolutionProperties) = preSolution
		HideSolutionNode = FALSE
	EndGlobalSection
	GlobalSection(ExtensibilityGlobals) = postSolution
		SolutionGuid = {CE1C28DE-904F-4FAF-8D92-2C2493144FCB}
	EndGlobalSection
EndGlobal
